// !$*UTF8*$!
{
	archiveVersion = 1;
	classes = {
	};
	objectVersion = 56;
	objects = {

/* Begin PBXBuildFile section */
		3F72FCEC2AD57D95004E255D /* Calculator.swift in Sources */ = {isa = PBXBuildFile; fileRef = 3F72FCEB2AD57D95004E255D /* Calculator.swift */; };
		3F72FCEE2AD57EA1004E255D /* CalculatorTest.swift in Sources */ = {isa = PBXBuildFile; fileRef = 3F72FCED2AD57EA1004E255D /* CalculatorTest.swift */; };
		3F72FCF02AD58260004E255D /* test2.swift in Sources */ = {isa = PBXBuildFile; fileRef = 3F72FCEF2AD58260004E255D /* test2.swift */; };
		B84BF36C2AD4535200879A6C /* L1App.swift in Sources */ = {isa = PBXBuildFile; fileRef = B84BF36B2AD4535200879A6C /* L1App.swift */; };
		B84BF36E2AD4535200879A6C /* ContentView.swift in Sources */ = {isa = PBXBuildFile; fileRef = B84BF36D2AD4535200879A6C /* ContentView.swift */; };
		B84BF3702AD4535300879A6C /* Assets.xcassets in Resources */ = {isa = PBXBuildFile; fileRef = B84BF36F2AD4535300879A6C /* Assets.xcassets */; };
		B84BF3732AD4535300879A6C /* Preview Assets.xcassets in Resources */ = {isa = PBXBuildFile; fileRef = B84BF3722AD4535300879A6C /* Preview Assets.xcassets */; };
		B84BF37D2AD4535300879A6C /* L1Tests.swift in Sources */ = {isa = PBXBuildFile; fileRef = B84BF37C2AD4535300879A6C /* L1Tests.swift */; };
		B84BF3872AD4535300879A6C /* L1UITests.swift in Sources */ = {isa = PBXBuildFile; fileRef = B84BF3862AD4535300879A6C /* L1UITests.swift */; };
		B84BF3892AD4535300879A6C /* L1UITestsLaunchTests.swift in Sources */ = {isa = PBXBuildFile; fileRef = B84BF3882AD4535300879A6C /* L1UITestsLaunchTests.swift */; };
		B84BF3962AD453E600879A6C /* CalculateButton.swift in Sources */ = {isa = PBXBuildFile; fileRef = B84BF3952AD453E600879A6C /* CalculateButton.swift */; };
		B84BF3982AD4542C00879A6C /* ButtonNumber.swift in Sources */ = {isa = PBXBuildFile; fileRef = B84BF3972AD4542C00879A6C /* ButtonNumber.swift */; };
		B84BF39A2AD454B700879A6C /* CustomTextField.swift in Sources */ = {isa = PBXBuildFile; fileRef = B84BF3992AD454B700879A6C /* CustomTextField.swift */; };
/* End PBXBuildFile section */

/* Begin PBXContainerItemProxy section */
		B84BF3792AD4535300879A6C /* PBXContainerItemProxy */ = {
			isa = PBXContainerItemProxy;
			containerPortal = B84BF3602AD4535200879A6C /* Project object */;
			proxyType = 1;
			remoteGlobalIDString = B84BF3672AD4535200879A6C;
			remoteInfo = L1;
		};
		B84BF3832AD4535300879A6C /* PBXContainerItemProxy */ = {
			isa = PBXContainerItemProxy;
			containerPortal = B84BF3602AD4535200879A6C /* Project object */;
			proxyType = 1;
			remoteGlobalIDString = B84BF3672AD4535200879A6C;
			remoteInfo = L1;
		};
/* End PBXContainerItemProxy section */

/* Begin PBXFileReference section */
		3F72FCEB2AD57D95004E255D /* Calculator.swift */ = {isa = PBXFileReference; lastKnownFileType = sourcecode.swift; path = Calculator.swift; sourceTree = "<group>"; };
		3F72FCED2AD57EA1004E255D /* CalculatorTest.swift */ = {isa = PBXFileReference; lastKnownFileType = sourcecode.swift; path = CalculatorTest.swift; sourceTree = "<group>"; };
		3F72FCEF2AD58260004E255D /* test2.swift */ = {isa = PBXFileReference; lastKnownFileType = sourcecode.swift; path = test2.swift; sourceTree = "<group>"; };
		B84BF3682AD4535200879A6C /* L1.app */ = {isa = PBXFileReference; explicitFileType = wrapper.application; includeInIndex = 0; path = L1.app; sourceTree = BUILT_PRODUCTS_DIR; };
		B84BF36B2AD4535200879A6C /* L1App.swift */ = {isa = PBXFileReference; lastKnownFileType = sourcecode.swift; path = L1App.swift; sourceTree = "<group>"; };
		B84BF36D2AD4535200879A6C /* ContentView.swift */ = {isa = PBXFileReference; lastKnownFileType = sourcecode.swift; path = ContentView.swift; sourceTree = "<group>"; };
		B84BF36F2AD4535300879A6C /* Assets.xcassets */ = {isa = PBXFileReference; lastKnownFileType = folder.assetcatalog; path = Assets.xcassets; sourceTree = "<group>"; };
		B84BF3722AD4535300879A6C /* Preview Assets.xcassets */ = {isa = PBXFileReference; lastKnownFileType = folder.assetcatalog; path = "Preview Assets.xcassets"; sourceTree = "<group>"; };
		B84BF3782AD4535300879A6C /* L1Tests.xctest */ = {isa = PBXFileReference; explicitFileType = wrapper.cfbundle; includeInIndex = 0; path = L1Tests.xctest; sourceTree = BUILT_PRODUCTS_DIR; };
		B84BF37C2AD4535300879A6C /* L1Tests.swift */ = {isa = PBXFileReference; lastKnownFileType = sourcecode.swift; path = L1Tests.swift; sourceTree = "<group>"; };
		B84BF3822AD4535300879A6C /* L1UITests.xctest */ = {isa = PBXFileReference; explicitFileType = wrapper.cfbundle; includeInIndex = 0; path = L1UITests.xctest; sourceTree = BUILT_PRODUCTS_DIR; };
		B84BF3862AD4535300879A6C /* L1UITests.swift */ = {isa = PBXFileReference; lastKnownFileType = sourcecode.swift; path = L1UITests.swift; sourceTree = "<group>"; };
		B84BF3882AD4535300879A6C /* L1UITestsLaunchTests.swift */ = {isa = PBXFileReference; lastKnownFileType = sourcecode.swift; path = L1UITestsLaunchTests.swift; sourceTree = "<group>"; };
		B84BF3952AD453E600879A6C /* CalculateButton.swift */ = {isa = PBXFileReference; lastKnownFileType = sourcecode.swift; path = CalculateButton.swift; sourceTree = "<group>"; };
		B84BF3972AD4542C00879A6C /* ButtonNumber.swift */ = {isa = PBXFileReference; lastKnownFileType = sourcecode.swift; path = ButtonNumber.swift; sourceTree = "<group>"; };
		B84BF3992AD454B700879A6C /* CustomTextField.swift */ = {isa = PBXFileReference; lastKnownFileType = sourcecode.swift; path = CustomTextField.swift; sourceTree = "<group>"; };
/* End PBXFileReference section */

/* Begin PBXFrameworksBuildPhase section */
		B84BF3652AD4535200879A6C /* Frameworks */ = {
			isa = PBXFrameworksBuildPhase;
			buildActionMask = 2147483647;
			files = (
			);
			runOnlyForDeploymentPostprocessing = 0;
		};
		B84BF3752AD4535300879A6C /* Frameworks */ = {
			isa = PBXFrameworksBuildPhase;
			buildActionMask = 2147483647;
			files = (
			);
			runOnlyForDeploymentPostprocessing = 0;
		};
		B84BF37F2AD4535300879A6C /* Frameworks */ = {
			isa = PBXFrameworksBuildPhase;
			buildActionMask = 2147483647;
			files = (
			);
			runOnlyForDeploymentPostprocessing = 0;
		};
/* End PBXFrameworksBuildPhase section */

/* Begin PBXGroup section */
		B84BF35F2AD4535200879A6C = {
			isa = PBXGroup;
			children = (
				B84BF36A2AD4535200879A6C /* L1 */,
				B84BF37B2AD4535300879A6C /* L1Tests */,
				B84BF3852AD4535300879A6C /* L1UITests */,
				B84BF3692AD4535200879A6C /* Products */,
			);
			sourceTree = "<group>";
		};
		B84BF3692AD4535200879A6C /* Products */ = {
			isa = PBXGroup;
			children = (
				B84BF3682AD4535200879A6C /* L1.app */,
				B84BF3782AD4535300879A6C /* L1Tests.xctest */,
				B84BF3822AD4535300879A6C /* L1UITests.xctest */,
			);
			name = Products;
			sourceTree = "<group>";
		};
		B84BF36A2AD4535200879A6C /* L1 */ = {
			isa = PBXGroup;
			children = (
				B84BF36B2AD4535200879A6C /* L1App.swift */,
				B84BF36D2AD4535200879A6C /* ContentView.swift */,
				B84BF36F2AD4535300879A6C /* Assets.xcassets */,
				B84BF3712AD4535300879A6C /* Preview Content */,
				B84BF3952AD453E600879A6C /* CalculateButton.swift */,
				B84BF3972AD4542C00879A6C /* ButtonNumber.swift */,
				B84BF3992AD454B700879A6C /* CustomTextField.swift */,
				3F72FCEB2AD57D95004E255D /* Calculator.swift */,
			);
			path = L1;
			sourceTree = "<group>";
		};
		B84BF3712AD4535300879A6C /* Preview Content */ = {
			isa = PBXGroup;
			children = (
				B84BF3722AD4535300879A6C /* Preview Assets.xcassets */,
			);
			path = "Preview Content";
			sourceTree = "<group>";
		};
		B84BF37B2AD4535300879A6C /* L1Tests */ = {
			isa = PBXGroup;
			children = (
				B84BF37C2AD4535300879A6C /* L1Tests.swift */,
				3F72FCED2AD57EA1004E255D /* CalculatorTest.swift */,
				3F72FCEF2AD58260004E255D /* test2.swift */,
			);
			path = L1Tests;
			sourceTree = "<group>";
		};
		B84BF3852AD4535300879A6C /* L1UITests */ = {
			isa = PBXGroup;
			children = (
				B84BF3862AD4535300879A6C /* L1UITests.swift */,
				B84BF3882AD4535300879A6C /* L1UITestsLaunchTests.swift */,
			);
			path = L1UITests;
			sourceTree = "<group>";
		};
/* End PBXGroup section */

/* Begin PBXNativeTarget section */
		B84BF3672AD4535200879A6C /* L1 */ = {
			isa = PBXNativeTarget;
			buildConfigurationList = B84BF38C2AD4535300879A6C /* Build configuration list for PBXNativeTarget "L1" */;
			buildPhases = (
				B84BF3642AD4535200879A6C /* Sources */,
				B84BF3652AD4535200879A6C /* Frameworks */,
				B84BF3662AD4535200879A6C /* Resources */,
			);
			buildRules = (
			);
			dependencies = (
			);
			name = L1;
			productName = L1;
			productReference = B84BF3682AD4535200879A6C /* L1.app */;
			productType = "com.apple.product-type.application";
		};
		B84BF3772AD4535300879A6C /* L1Tests */ = {
			isa = PBXNativeTarget;
			buildConfigurationList = B84BF38F2AD4535300879A6C /* Build configuration list for PBXNativeTarget "L1Tests" */;
			buildPhases = (
				B84BF3742AD4535300879A6C /* Sources */,
				B84BF3752AD4535300879A6C /* Frameworks */,
				B84BF3762AD4535300879A6C /* Resources */,
			);
			buildRules = (
			);
			dependencies = (
				B84BF37A2AD4535300879A6C /* PBXTargetDependency */,
			);
			name = L1Tests;
			productName = L1Tests;
			productReference = B84BF3782AD4535300879A6C /* L1Tests.xctest */;
			productType = "com.apple.product-type.bundle.unit-test";
		};
		B84BF3812AD4535300879A6C /* L1UITests */ = {
			isa = PBXNativeTarget;
			buildConfigurationList = B84BF3922AD4535300879A6C /* Build configuration list for PBXNativeTarget "L1UITests" */;
			buildPhases = (
				B84BF37E2AD4535300879A6C /* Sources */,
				B84BF37F2AD4535300879A6C /* Frameworks */,
				B84BF3802AD4535300879A6C /* Resources */,
			);
			buildRules = (
			);
			dependencies = (
				B84BF3842AD4535300879A6C /* PBXTargetDependency */,
			);
			name = L1UITests;
			productName = L1UITests;
			productReference = B84BF3822AD4535300879A6C /* L1UITests.xctest */;
			productType = "com.apple.product-type.bundle.ui-testing";
		};
/* End PBXNativeTarget section */

/* Begin PBXProject section */
		B84BF3602AD4535200879A6C /* Project object */ = {
			isa = PBXProject;
			attributes = {
				BuildIndependentTargetsInParallel = 1;
				LastSwiftUpdateCheck = 1500;
				LastUpgradeCheck = 1500;
				TargetAttributes = {
					B84BF3672AD4535200879A6C = {
						CreatedOnToolsVersion = 15.0;
					};
					B84BF3772AD4535300879A6C = {
						CreatedOnToolsVersion = 15.0;
						TestTargetID = B84BF3672AD4535200879A6C;
					};
					B84BF3812AD4535300879A6C = {
						CreatedOnToolsVersion = 15.0;
						TestTargetID = B84BF3672AD4535200879A6C;
					};
				};
			};
			buildConfigurationList = B84BF3632AD4535200879A6C /* Build configuration list for PBXProject "L1" */;
			compatibilityVersion = "Xcode 14.0";
			developmentRegion = en;
			hasScannedForEncodings = 0;
			knownRegions = (
				en,
				Base,
			);
			mainGroup = B84BF35F2AD4535200879A6C;
			productRefGroup = B84BF3692AD4535200879A6C /* Products */;
			projectDirPath = "";
			projectRoot = "";
			targets = (
				B84BF3672AD4535200879A6C /* L1 */,
				B84BF3772AD4535300879A6C /* L1Tests */,
				B84BF3812AD4535300879A6C /* L1UITests */,
			);
		};
/* End PBXProject section */

/* Begin PBXResourcesBuildPhase section */
		B84BF3662AD4535200879A6C /* Resources */ = {
			isa = PBXResourcesBuildPhase;
			buildActionMask = 2147483647;
			files = (
				B84BF3732AD4535300879A6C /* Preview Assets.xcassets in Resources */,
				B84BF3702AD4535300879A6C /* Assets.xcassets in Resources */,
			);
			runOnlyForDeploymentPostprocessing = 0;
		};
		B84BF3762AD4535300879A6C /* Resources */ = {
			isa = PBXResourcesBuildPhase;
			buildActionMask = 2147483647;
			files = (
			);
			runOnlyForDeploymentPostprocessing = 0;
		};
		B84BF3802AD4535300879A6C /* Resources */ = {
			isa = PBXResourcesBuildPhase;
			buildActionMask = 2147483647;
			files = (
			);
			runOnlyForDeploymentPostprocessing = 0;
		};
/* End PBXResourcesBuildPhase section */

/* Begin PBXSourcesBuildPhase section */
		B84BF3642AD4535200879A6C /* Sources */ = {
			isa = PBXSourcesBuildPhase;
			buildActionMask = 2147483647;
			files = (
				B84BF36E2AD4535200879A6C /* ContentView.swift in Sources */,
				B84BF3962AD453E600879A6C /* CalculateButton.swift in Sources */,
				B84BF3982AD4542C00879A6C /* ButtonNumber.swift in Sources */,
				3F72FCEC2AD57D95004E255D /* Calculator.swift in Sources */,
				B84BF36C2AD4535200879A6C /* L1App.swift in Sources */,
				B84BF39A2AD454B700879A6C /* CustomTextField.swift in Sources */,
			);
			runOnlyForDeploymentPostprocessing = 0;
		};
		B84BF3742AD4535300879A6C /* Sources */ = {
			isa = PBXSourcesBuildPhase;
			buildActionMask = 2147483647;
			files = (
				B84BF37D2AD4535300879A6C /* L1Tests.swift in Sources */,
				3F72FCF02AD58260004E255D /* test2.swift in Sources */,
				3F72FCEE2AD57EA1004E255D /* CalculatorTest.swift in Sources */,
			);
			runOnlyForDeploymentPostprocessing = 0;
		};
		B84BF37E2AD4535300879A6C /* Sources */ = {
			isa = PBXSourcesBuildPhase;
			buildActionMask = 2147483647;
			files = (
				B84BF3872AD4535300879A6C /* L1UITests.swift in Sources */,
				B84BF3892AD4535300879A6C /* L1UITestsLaunchTests.swift in Sources */,
			);
			runOnlyForDeploymentPostprocessing = 0;
		};
/* End PBXSourcesBuildPhase section */

/* Begin PBXTargetDependency section */
		B84BF37A2AD4535300879A6C /* PBXTargetDependency */ = {
			isa = PBXTargetDependency;
			target = B84BF3672AD4535200879A6C /* L1 */;
			targetProxy = B84BF3792AD4535300879A6C /* PBXContainerItemProxy */;
		};
		B84BF3842AD4535300879A6C /* PBXTargetDependency */ = {
			isa = PBXTargetDependency;
			target = B84BF3672AD4535200879A6C /* L1 */;
			targetProxy = B84BF3832AD4535300879A6C /* PBXContainerItemProxy */;
		};
/* End PBXTargetDependency section */

/* Begin XCBuildConfiguration section */
		B84BF38A2AD4535300879A6C /* Debug */ = {
			isa = XCBuildConfiguration;
			buildSettings = {
				ALWAYS_SEARCH_USER_PATHS = NO;
				ASSETCATALOG_COMPILER_GENERATE_SWIFT_ASSET_SYMBOL_EXTENSIONS = YES;
				CLANG_ANALYZER_NONNULL = YES;
				CLANG_ANALYZER_NUMBER_OBJECT_CONVERSION = YES_AGGRESSIVE;
				CLANG_CXX_LANGUAGE_STANDARD = "gnu++20";
				CLANG_ENABLE_MODULES = YES;
				CLANG_ENABLE_OBJC_ARC = YES;
				CLANG_ENABLE_OBJC_WEAK = YES;
				CLANG_WARN_BLOCK_CAPTURE_AUTORELEASING = YES;
				CLANG_WARN_BOOL_CONVERSION = YES;
				CLANG_WARN_COMMA = YES;
				CLANG_WARN_CONSTANT_CONVERSION = YES;
				CLANG_WARN_DEPRECATED_OBJC_IMPLEMENTATIONS = YES;
				CLANG_WARN_DIRECT_OBJC_ISA_USAGE = YES_ERROR;
				CLANG_WARN_DOCUMENTATION_COMMENTS = YES;
				CLANG_WARN_EMPTY_BODY = YES;
				CLANG_WARN_ENUM_CONVERSION = YES;
				CLANG_WARN_INFINITE_RECURSION = YES;
				CLANG_WARN_INT_CONVERSION = YES;
				CLANG_WARN_NON_LITERAL_NULL_CONVERSION = YES;
				CLANG_WARN_OBJC_IMPLICIT_RETAIN_SELF = YES;
				CLANG_WARN_OBJC_LITERAL_CONVERSION = YES;
				CLANG_WARN_OBJC_ROOT_CLASS = YES_ERROR;
				CLANG_WARN_QUOTED_INCLUDE_IN_FRAMEWORK_HEADER = YES;
				CLANG_WARN_RANGE_LOOP_ANALYSIS = YES;
				CLANG_WARN_STRICT_PROTOTYPES = YES;
				CLANG_WARN_SUSPICIOUS_MOVE = YES;
				CLANG_WARN_UNGUARDED_AVAILABILITY = YES_AGGRESSIVE;
				CLANG_WARN_UNREACHABLE_CODE = YES;
				CLANG_WARN__DUPLICATE_METHOD_MATCH = YES;
				COPY_PHASE_STRIP = NO;
				DEBUG_INFORMATION_FORMAT = dwarf;
				ENABLE_STRICT_OBJC_MSGSEND = YES;
				ENABLE_TESTABILITY = YES;
				ENABLE_USER_SCRIPT_SANDBOXING = YES;
				GCC_C_LANGUAGE_STANDARD = gnu17;
				GCC_DYNAMIC_NO_PIC = NO;
				GCC_NO_COMMON_BLOCKS = YES;
				GCC_OPTIMIZATION_LEVEL = 0;
				GCC_PREPROCESSOR_DEFINITIONS = (
					"DEBUG=1",
					"$(inherited)",
				);
				GCC_WARN_64_TO_32_BIT_CONVERSION = YES;
				GCC_WARN_ABOUT_RETURN_TYPE = YES_ERROR;
				GCC_WARN_UNDECLARED_SELECTOR = YES;
				GCC_WARN_UNINITIALIZED_AUTOS = YES_AGGRESSIVE;
				GCC_WARN_UNUSED_FUNCTION = YES;
				GCC_WARN_UNUSED_VARIABLE = YES;
				IPHONEOS_DEPLOYMENT_TARGET = 17.0;
				LOCALIZATION_PREFERS_STRING_CATALOGS = YES;
				MTL_ENABLE_DEBUG_INFO = INCLUDE_SOURCE;
				MTL_FAST_MATH = YES;
				ONLY_ACTIVE_ARCH = YES;
				SDKROOT = iphoneos;
				SWIFT_ACTIVE_COMPILATION_CONDITIONS = "DEBUG $(inherited)";
				SWIFT_OPTIMIZATION_LEVEL = "-Onone";
			};
			name = Debug;
		};
		B84BF38B2AD4535300879A6C /* Release */ = {
			isa = XCBuildConfiguration;
			buildSettings = {
				ALWAYS_SEARCH_USER_PATHS = NO;
				ASSETCATALOG_COMPILER_GENERATE_SWIFT_ASSET_SYMBOL_EXTENSIONS = YES;
				CLANG_ANALYZER_NONNULL = YES;
				CLANG_ANALYZER_NUMBER_OBJECT_CONVERSION = YES_AGGRESSIVE;
				CLANG_CXX_LANGUAGE_STANDARD = "gnu++20";
				CLANG_ENABLE_MODULES = YES;
				CLANG_ENABLE_OBJC_ARC = YES;
				CLANG_ENABLE_OBJC_WEAK = YES;
				CLANG_WARN_BLOCK_CAPTURE_AUTORELEASING = YES;
				CLANG_WARN_BOOL_CONVERSION = YES;
				CLANG_WARN_COMMA = YES;
				CLANG_WARN_CONSTANT_CONVERSION = YES;
				CLANG_WARN_DEPRECATED_OBJC_IMPLEMENTATIONS = YES;
				CLANG_WARN_DIRECT_OBJC_ISA_USAGE = YES_ERROR;
				CLANG_WARN_DOCUMENTATION_COMMENTS = YES;
				CLANG_WARN_EMPTY_BODY = YES;
				CLANG_WARN_ENUM_CONVERSION = YES;
				CLANG_WARN_INFINITE_RECURSION = YES;
				CLANG_WARN_INT_CONVERSION = YES;
				CLANG_WARN_NON_LITERAL_NULL_CONVERSION = YES;
				CLANG_WARN_OBJC_IMPLICIT_RETAIN_SELF = YES;
				CLANG_WARN_OBJC_LITERAL_CONVERSION = YES;
				CLANG_WARN_OBJC_ROOT_CLASS = YES_ERROR;
				CLANG_WARN_QUOTED_INCLUDE_IN_FRAMEWORK_HEADER = YES;
				CLANG_WARN_RANGE_LOOP_ANALYSIS = YES;
				CLANG_WARN_STRICT_PROTOTYPES = YES;
				CLANG_WARN_SUSPICIOUS_MOVE = YES;
				CLANG_WARN_UNGUARDED_AVAILABILITY = YES_AGGRESSIVE;
				CLANG_WARN_UNREACHABLE_CODE = YES;
				CLANG_WARN__DUPLICATE_METHOD_MATCH = YES;
				COPY_PHASE_STRIP = NO;
				DEBUG_INFORMATION_FORMAT = "dwarf-with-dsym";
				ENABLE_NS_ASSERTIONS = NO;
				ENABLE_STRICT_OBJC_MSGSEND = YES;
				ENABLE_USER_SCRIPT_SANDBOXING = YES;
				GCC_C_LANGUAGE_STANDARD = gnu17;
				GCC_NO_COMMON_BLOCKS = YES;
				GCC_WARN_64_TO_32_BIT_CONVERSION = YES;
				GCC_WARN_ABOUT_RETURN_TYPE = YES_ERROR;
				GCC_WARN_UNDECLARED_SELECTOR = YES;
				GCC_WARN_UNINITIALIZED_AUTOS = YES_AGGRESSIVE;
				GCC_WARN_UNUSED_FUNCTION = YES;
				GCC_WARN_UNUSED_VARIABLE = YES;
				IPHONEOS_DEPLOYMENT_TARGET = 17.0;
				LOCALIZATION_PREFERS_STRING_CATALOGS = YES;
				MTL_ENABLE_DEBUG_INFO = NO;
				MTL_FAST_MATH = YES;
				SDKROOT = iphoneos;
				SWIFT_COMPILATION_MODE = wholemodule;
				VALIDATE_PRODUCT = YES;
			};
			name = Release;
		};
		B84BF38D2AD4535300879A6C /* Debug */ = {
			isa = XCBuildConfiguration;
			buildSettings = {
				ASSETCATALOG_COMPILER_APPICON_NAME = AppIcon;
				ASSETCATALOG_COMPILER_GLOBAL_ACCENT_COLOR_NAME = AccentColor;
				CODE_SIGN_STYLE = Automatic;
				CURRENT_PROJECT_VERSION = 1;
				DEVELOPMENT_ASSET_PATHS = "\"L1/Preview Content\"";
				ENABLE_PREVIEWS = YES;
				GENERATE_INFOPLIST_FILE = YES;
				INFOPLIST_KEY_UIApplicationSceneManifest_Generation = YES;
				INFOPLIST_KEY_UIApplicationSupportsIndirectInputEvents = YES;
				INFOPLIST_KEY_UILaunchScreen_Generation = YES;
				INFOPLIST_KEY_UISupportedInterfaceOrientations_iPad = "UIInterfaceOrientationPortrait UIInterfaceOrientationPortraitUpsideDown UIInterfaceOrientationLandscapeLeft UIInterfaceOrientationLandscapeRight";
				INFOPLIST_KEY_UISupportedInterfaceOrientations_iPhone = "UIInterfaceOrientationPortrait UIInterfaceOrientationLandscapeLeft UIInterfaceOrientationLandscapeRight";
				LD_RUNPATH_SEARCH_PATHS = (
					"$(inherited)",
					"@executable_path/Frameworks",
				);
				MARKETING_VERSION = 1.0;
				PRODUCT_BUNDLE_IDENTIFIER = pollub.L1;
				PRODUCT_NAME = "$(TARGET_NAME)";
				SWIFT_EMIT_LOC_STRINGS = YES;
				SWIFT_VERSION = 5.0;
				TARGETED_DEVICE_FAMILY = "1,2";
			};
			name = Debug;
		};
		B84BF38E2AD4535300879A6C /* Release */ = {
			isa = XCBuildConfiguration;
			buildSettings = {
				ASSETCATALOG_COMPILER_APPICON_NAME = AppIcon;
				ASSETCATALOG_COMPILER_GLOBAL_ACCENT_COLOR_NAME = AccentColor;
				CODE_SIGN_STYLE = Automatic;
				CURRENT_PROJECT_VERSION = 1;
				DEVELOPMENT_ASSET_PATHS = "\"L1/Preview Content\"";
				ENABLE_PREVIEWS = YES;
				GENERATE_INFOPLIST_FILE = YES;
				INFOPLIST_KEY_UIApplicationSceneManifest_Generation = YES;
				INFOPLIST_KEY_UIApplicationSupportsIndirectInputEvents = YES;
				INFOPLIST_KEY_UILaunchScreen_Generation = YES;
				INFOPLIST_KEY_UISupportedInterfaceOrientations_iPad = "UIInterfaceOrientationPortrait UIInterfaceOrientationPortraitUpsideDown UIInterfaceOrientationLandscapeLeft UIInterfaceOrientationLandscapeRight";
				INFOPLIST_KEY_UISupportedInterfaceOrientations_iPhone = "UIInterfaceOrientationPortrait UIInterfaceOrientationLandscapeLeft UIInterfaceOrientationLandscapeRight";
				LD_RUNPATH_SEARCH_PATHS = (
					"$(inherited)",
					"@executable_path/Frameworks",
				);
				MARKETING_VERSION = 1.0;
				PRODUCT_BUNDLE_IDENTIFIER = pollub.L1;
				PRODUCT_NAME = "$(TARGET_NAME)";
				SWIFT_EMIT_LOC_STRINGS = YES;
				SWIFT_VERSION = 5.0;
				TARGETED_DEVICE_FAMILY = "1,2";
			};
			name = Release;
		};
		B84BF3902AD4535300879A6C /* Debug */ = {
			isa = XCBuildConfiguration;
			buildSettings = {
				ALWAYS_EMBED_SWIFT_STANDARD_LIBRARIES = YES;
				BUNDLE_LOADER = "$(TEST_HOST)";
				CODE_SIGN_STYLE = Automatic;
				CURRENT_PROJECT_VERSION = 1;
				GENERATE_INFOPLIST_FILE = YES;
				IPHONEOS_DEPLOYMENT_TARGET = 17.0;
				MARKETING_VERSION = 1.0;
				PRODUCT_BUNDLE_IDENTIFIER = pollub.L1Tests;
				PRODUCT_NAME = "$(TARGET_NAME)";
				SWIFT_EMIT_LOC_STRINGS = NO;
				SWIFT_VERSION = 5.0;
				TARGETED_DEVICE_FAMILY = "1,2";
				TEST_HOST = "$(BUILT_PRODUCTS_DIR)/L1.app/$(BUNDLE_EXECUTABLE_FOLDER_PATH)/L1";
			};
			name = Debug;
		};
		B84BF3912AD4535300879A6C /* Release */ = {
			isa = XCBuildConfiguration;
			buildSettings = {
				ALWAYS_EMBED_SWIFT_STANDARD_LIBRARIES = YES;
				BUNDLE_LOADER = "$(TEST_HOST)";
				CODE_SIGN_STYLE = Automatic;
				CURRENT_PROJECT_VERSION = 1;
				GENERATE_INFOPLIST_FILE = YES;
				IPHONEOS_DEPLOYMENT_TARGET = 17.0;
				MARKETING_VERSION = 1.0;
				PRODUCT_BUNDLE_IDENTIFIER = pollub.L1Tests;
				PRODUCT_NAME = "$(TARGET_NAME)";
				SWIFT_EMIT_LOC_STRINGS = NO;
				SWIFT_VERSION = 5.0;
				TARGETED_DEVICE_FAMILY = "1,2";
				TEST_HOST = "$(BUILT_PRODUCTS_DIR)/L1.app/$(BUNDLE_EXECUTABLE_FOLDER_PATH)/L1";
			};
			name = Release;
		};
		B84BF3932AD4535300879A6C /* Debug */ = {
			isa = XCBuildConfiguration;
			buildSettings = {
				ALWAYS_EMBED_SWIFT_STANDARD_LIBRARIES = YES;
				CODE_SIGN_STYLE = Automatic;
				CURRENT_PROJECT_VERSION = 1;
				GENERATE_INFOPLIST_FILE = YES;
				MARKETING_VERSION = 1.0;
				PRODUCT_BUNDLE_IDENTIFIER = pollub.L1UITests;
				PRODUCT_NAME = "$(TARGET_NAME)";
				SWIFT_EMIT_LOC_STRINGS = NO;
				SWIFT_VERSION = 5.0;
				TARGETED_DEVICE_FAMILY = "1,2";
				TEST_TARGET_NAME = L1;
			};
			name = Debug;
		};
		B84BF3942AD4535300879A6C /* Release */ = {
			isa = XCBuildConfiguration;
			buildSettings = {
				ALWAYS_EMBED_SWIFT_STANDARD_LIBRARIES = YES;
				CODE_SIGN_STYLE = Automatic;
				CURRENT_PROJECT_VERSION = 1;
				GENERATE_INFOPLIST_FILE = YES;
				MARKETING_VERSION = 1.0;
				PRODUCT_BUNDLE_IDENTIFIER = pollub.L1UITests;
				PRODUCT_NAME = "$(TARGET_NAME)";
				SWIFT_EMIT_LOC_STRINGS = NO;
				SWIFT_VERSION = 5.0;
				TARGETED_DEVICE_FAMILY = "1,2";
				TEST_TARGET_NAME = L1;
			};
			name = Release;
		};
/* End XCBuildConfiguration section */

/* Begin XCConfigurationList section */
		B84BF3632AD4535200879A6C /* Build configuration list for PBXProject "L1" */ = {
			isa = XCConfigurationList;
			buildConfigurations = (
				B84BF38A2AD4535300879A6C /* Debug */,
				B84BF38B2AD4535300879A6C /* Release */,
			);
			defaultConfigurationIsVisible = 0;
			defaultConfigurationName = Release;
		};
		B84BF38C2AD4535300879A6C /* Build configuration list for PBXNativeTarget "L1" */ = {
			isa = XCConfigurationList;
			buildConfigurations = (
				B84BF38D2AD4535300879A6C /* Debug */,
				B84BF38E2AD4535300879A6C /* Release */,
			);
			defaultConfigurationIsVisible = 0;
			defaultConfigurationName = Release;
		};
		B84BF38F2AD4535300879A6C /* Build configuration list for PBXNativeTarget "L1Tests" */ = {
			isa = XCConfigurationList;
			buildConfigurations = (
				B84BF3902AD4535300879A6C /* Debug */,
				B84BF3912AD4535300879A6C /* Release */,
			);
			defaultConfigurationIsVisible = 0;
			defaultConfigurationName = Release;
		};
		B84BF3922AD4535300879A6C /* Build configuration list for PBXNativeTarget "L1UITests" */ = {
			isa = XCConfigurationList;
			buildConfigurations = (
				B84BF3932AD4535300879A6C /* Debug */,
				B84BF3942AD4535300879A6C /* Release */,
			);
			defaultConfigurationIsVisible = 0;
			defaultConfigurationName = Release;
		};
/* End XCConfigurationList section */
	};
	rootObject = B84BF3602AD4535200879A6C /* Project object */;
}
